
Microsoft Visual Studio Solution File, Format Version 12.00
# Visual Studio 15
VisualStudioVersion = 15.0.26730.16
MinimumVisualStudioVersion = 10.0.40219.1
Project("{FAE04EC0-301F-11D3-BF4B-00C04F79EFBC}") = "Bifler", "Bifler\Bifler.csproj", "{F396E7BE-C86B-4E2A-B461-2B20E521AB0E}"
EndProject
Project("{FAE04EC0-301F-11D3-BF4B-00C04F79EFBC}") = "libBifler", "libBifler\libBifler.csproj", "{697A0E2B-7AF2-463E-B0E4-85ABFA320262}"
EndProject
Project("{FAE04EC0-301F-11D3-BF4B-00C04F79EFBC}") = "TriggerServer", "TriggerServer\TriggerServer.csproj", "{57AB6C5E-C3B8-462B-90BA-A569DDE540AF}"
EndProject
Project("{FAE04EC0-301F-11D3-BF4B-00C04F79EFBC}") = "Pylon.NETSupportLibrary", "Pylon.NETSupportLibrary\Pylon.NETSupportLibrary.csproj", "{3EAFC9F5-D49F-4F9F-86C8-FBD231B07D2E}"
EndProject
Project("{FAE04EC0-301F-11D3-BF4B-00C04F79EFBC}") = "Radio", "Radio\Radio.csproj", "{B63639C2-E29A-40A3-B615-831FFC15469C}"
EndProject
Global
	GlobalSection(SolutionConfigurationPlatforms) = preSolution
		Debug|Any CPU = Debug|Any CPU
		Debug|ARM = Debug|ARM
		Debug|x64 = Debug|x64
		Debug|x86 = Debug|x86
		Release|Any CPU = Release|Any CPU
		Release|ARM = Release|ARM
		Release|x64 = Release|x64
		Release|x86 = Release|x86
		v4.0-Debug|Any CPU = v4.0-Debug|Any CPU
		v4.0-Debug|ARM = v4.0-Debug|ARM
		v4.0-Debug|x64 = v4.0-Debug|x64
		v4.0-Debug|x86 = v4.0-Debug|x86
		v4.0-Release|Any CPU = v4.0-Release|Any CPU
		v4.0-Release|ARM = v4.0-Release|ARM
		v4.0-Release|x64 = v4.0-Release|x64
		v4.0-Release|x86 = v4.0-Release|x86
	EndGlobalSection
	GlobalSection(ProjectConfigurationPlatforms) = postSolution
		{F396E7BE-C86B-4E2A-B461-2B20E521AB0E}.Debug|Any CPU.ActiveCfg = Debug|Any CPU
		{F396E7BE-C86B-4E2A-B461-2B20E521AB0E}.Debug|Any CPU.Build.0 = Debug|Any CPU
		{F396E7BE-C86B-4E2A-B461-2B20E521AB0E}.Debug|ARM.ActiveCfg = Debug|Any CPU
		{F396E7BE-C86B-4E2A-B461-2B20E521AB0E}.Debug|ARM.Build.0 = Debug|Any CPU
		{F396E7BE-C86B-4E2A-B461-2B20E521AB0E}.Debug|x64.ActiveCfg = Debug|x64
		{F396E7BE-C86B-4E2A-B461-2B20E521AB0E}.Debug|x64.Build.0 = Debug|x64
		{F396E7BE-C86B-4E2A-B461-2B20E521AB0E}.Debug|x86.ActiveCfg = Debug|x86
		{F396E7BE-C86B-4E2A-B461-2B20E521AB0E}.Debug|x86.Build.0 = Debug|x86
		{F396E7BE-C86B-4E2A-B461-2B20E521AB0E}.Release|Any CPU.ActiveCfg = Release|Any CPU
		{F396E7BE-C86B-4E2A-B461-2B20E521AB0E}.Release|Any CPU.Build.0 = Release|Any CPU
		{F396E7BE-C86B-4E2A-B461-2B20E521AB0E}.Release|ARM.ActiveCfg = Release|Any CPU
		{F396E7BE-C86B-4E2A-B461-2B20E521AB0E}.Release|ARM.Build.0 = Release|Any CPU
		{F396E7BE-C86B-4E2A-B461-2B20E521AB0E}.Release|x64.ActiveCfg = Release|x64
		{F396E7BE-C86B-4E2A-B461-2B20E521AB0E}.Release|x64.Build.0 = Release|x64
		{F396E7BE-C86B-4E2A-B461-2B20E521AB0E}.Release|x86.ActiveCfg = Release|x86
		{F396E7BE-C86B-4E2A-B461-2B20E521AB0E}.Release|x86.Build.0 = Release|x86
		{F396E7BE-C86B-4E2A-B461-2B20E521AB0E}.v4.0-Debug|Any CPU.ActiveCfg = Debug|Any CPU
		{F396E7BE-C86B-4E2A-B461-2B20E521AB0E}.v4.0-Debug|Any CPU.Build.0 = Debug|Any CPU
		{F396E7BE-C86B-4E2A-B461-2B20E521AB0E}.v4.0-Debug|ARM.ActiveCfg = Debug|Any CPU
		{F396E7BE-C86B-4E2A-B461-2B20E521AB0E}.v4.0-Debug|ARM.Build.0 = Debug|Any CPU
		{F396E7BE-C86B-4E2A-B461-2B20E521AB0E}.v4.0-Debug|x64.ActiveCfg = Debug|x64
		{F396E7BE-C86B-4E2A-B461-2B20E521AB0E}.v4.0-Debug|x64.Build.0 = Debug|x64
		{F396E7BE-C86B-4E2A-B461-2B20E521AB0E}.v4.0-Debug|x86.ActiveCfg = Debug|x86
		{F396E7BE-C86B-4E2A-B461-2B20E521AB0E}.v4.0-Debug|x86.Build.0 = Debug|x86
		{F396E7BE-C86B-4E2A-B461-2B20E521AB0E}.v4.0-Release|Any CPU.ActiveCfg = Release|Any CPU
		{F396E7BE-C86B-4E2A-B461-2B20E521AB0E}.v4.0-Release|Any CPU.Build.0 = Release|Any CPU
		{F396E7BE-C86B-4E2A-B461-2B20E521AB0E}.v4.0-Release|ARM.ActiveCfg = Release|Any CPU
		{F396E7BE-C86B-4E2A-B461-2B20E521AB0E}.v4.0-Release|ARM.Build.0 = Release|Any CPU
		{F396E7BE-C86B-4E2A-B461-2B20E521AB0E}.v4.0-Release|x64.ActiveCfg = Release|x64
		{F396E7BE-C86B-4E2A-B461-2B20E521AB0E}.v4.0-Release|x64.Build.0 = Release|x64
		{F396E7BE-C86B-4E2A-B461-2B20E521AB0E}.v4.0-Release|x86.ActiveCfg = Release|x86
		{F396E7BE-C86B-4E2A-B461-2B20E521AB0E}.v4.0-Release|x86.Build.0 = Release|x86
		{697A0E2B-7AF2-463E-B0E4-85ABFA320262}.Debug|Any CPU.ActiveCfg = Debug|Any CPU
		{697A0E2B-7AF2-463E-B0E4-85ABFA320262}.Debug|Any CPU.Build.0 = Debug|Any CPU
		{697A0E2B-7AF2-463E-B0E4-85ABFA320262}.Debug|ARM.ActiveCfg = Debug|Any CPU
		{697A0E2B-7AF2-463E-B0E4-85ABFA320262}.Debug|ARM.Build.0 = Debug|Any CPU
		{697A0E2B-7AF2-463E-B0E4-85ABFA320262}.Debug|x64.ActiveCfg = Debug|x64
		{697A0E2B-7AF2-463E-B0E4-85ABFA320262}.Debug|x64.Build.0 = Debug|x64
		{697A0E2B-7AF2-463E-B0E4-85ABFA320262}.Debug|x86.ActiveCfg = Debug|x86
		{697A0E2B-7AF2-463E-B0E4-85ABFA320262}.Debug|x86.Build.0 = Debug|x86
		{697A0E2B-7AF2-463E-B0E4-85ABFA320262}.Release|Any CPU.ActiveCfg = Release|Any CPU
		{697A0E2B-7AF2-463E-B0E4-85ABFA320262}.Release|Any CPU.Build.0 = Release|Any CPU
		{697A0E2B-7AF2-463E-B0E4-85ABFA320262}.Release|ARM.ActiveCfg = Release|Any CPU
		{697A0E2B-7AF2-463E-B0E4-85ABFA320262}.Release|ARM.Build.0 = Release|Any CPU
		{697A0E2B-7AF2-463E-B0E4-85ABFA320262}.Release|x64.ActiveCfg = Release|x64
		{697A0E2B-7AF2-463E-B0E4-85ABFA320262}.Release|x64.Build.0 = Release|x64
		{697A0E2B-7AF2-463E-B0E4-85ABFA320262}.Release|x86.ActiveCfg = Release|x86
		{697A0E2B-7AF2-463E-B0E4-85ABFA320262}.Release|x86.Build.0 = Release|x86
		{697A0E2B-7AF2-463E-B0E4-85ABFA320262}.v4.0-Debug|Any CPU.ActiveCfg = Debug|Any CPU
		{697A0E2B-7AF2-463E-B0E4-85ABFA320262}.v4.0-Debug|Any CPU.Build.0 = Debug|Any CPU
		{697A0E2B-7AF2-463E-B0E4-85ABFA320262}.v4.0-Debug|ARM.ActiveCfg = Debug|Any CPU
		{697A0E2B-7AF2-463E-B0E4-85ABFA320262}.v4.0-Debug|ARM.Build.0 = Debug|Any CPU
		{697A0E2B-7AF2-463E-B0E4-85ABFA320262}.v4.0-Debug|x64.ActiveCfg = Debug|x64
		{697A0E2B-7AF2-463E-B0E4-85ABFA320262}.v4.0-Debug|x64.Build.0 = Debug|x64
		{697A0E2B-7AF2-463E-B0E4-85ABFA320262}.v4.0-Debug|x86.ActiveCfg = Debug|x86
		{697A0E2B-7AF2-463E-B0E4-85ABFA320262}.v4.0-Debug|x86.Build.0 = Debug|x86
		{697A0E2B-7AF2-463E-B0E4-85ABFA320262}.v4.0-Release|Any CPU.ActiveCfg = Release|Any CPU
		{697A0E2B-7AF2-463E-B0E4-85ABFA320262}.v4.0-Release|Any CPU.Build.0 = Release|Any CPU
		{697A0E2B-7AF2-463E-B0E4-85ABFA320262}.v4.0-Release|ARM.ActiveCfg = Release|Any CPU
		{697A0E2B-7AF2-463E-B0E4-85ABFA320262}.v4.0-Release|ARM.Build.0 = Release|Any CPU
		{697A0E2B-7AF2-463E-B0E4-85ABFA320262}.v4.0-Release|x64.ActiveCfg = Release|x64
		{697A0E2B-7AF2-463E-B0E4-85ABFA320262}.v4.0-Release|x64.Build.0 = Release|x64
		{697A0E2B-7AF2-463E-B0E4-85ABFA320262}.v4.0-Release|x86.ActiveCfg = Release|x86
		{697A0E2B-7AF2-463E-B0E4-85ABFA320262}.v4.0-Release|x86.Build.0 = Release|x86
		{57AB6C5E-C3B8-462B-90BA-A569DDE540AF}.Debug|Any CPU.ActiveCfg = Debug|Any CPU
		{57AB6C5E-C3B8-462B-90BA-A569DDE540AF}.Debug|Any CPU.Build.0 = Debug|Any CPU
		{57AB6C5E-C3B8-462B-90BA-A569DDE540AF}.Debug|ARM.ActiveCfg = Debug|Any CPU
		{57AB6C5E-C3B8-462B-90BA-A569DDE540AF}.Debug|ARM.Build.0 = Debug|Any CPU
		{57AB6C5E-C3B8-462B-90BA-A569DDE540AF}.Debug|x64.ActiveCfg = Debug|Any CPU
		{57AB6C5E-C3B8-462B-90BA-A569DDE540AF}.Debug|x64.Build.0 = Debug|Any CPU
		{57AB6C5E-C3B8-462B-90BA-A569DDE540AF}.Debug|x86.ActiveCfg = Debug|Any CPU
		{57AB6C5E-C3B8-462B-90BA-A569DDE540AF}.Debug|x86.Build.0 = Debug|Any CPU
		{57AB6C5E-C3B8-462B-90BA-A569DDE540AF}.Release|Any CPU.ActiveCfg = Release|Any CPU
		{57AB6C5E-C3B8-462B-90BA-A569DDE540AF}.Release|Any CPU.Build.0 = Release|Any CPU
		{57AB6C5E-C3B8-462B-90BA-A569DDE540AF}.Release|ARM.ActiveCfg = Release|Any CPU
		{57AB6C5E-C3B8-462B-90BA-A569DDE540AF}.Release|ARM.Build.0 = Release|Any CPU
		{57AB6C5E-C3B8-462B-90BA-A569DDE540AF}.Release|x64.ActiveCfg = Release|Any CPU
		{57AB6C5E-C3B8-462B-90BA-A569DDE540AF}.Release|x64.Build.0 = Release|Any CPU
		{57AB6C5E-C3B8-462B-90BA-A569DDE540AF}.Release|x86.ActiveCfg = Release|Any CPU
		{57AB6C5E-C3B8-462B-90BA-A569DDE540AF}.Release|x86.Build.0 = Release|Any CPU
		{57AB6C5E-C3B8-462B-90BA-A569DDE540AF}.v4.0-Debug|Any CPU.ActiveCfg = Debug|Any CPU
		{57AB6C5E-C3B8-462B-90BA-A569DDE540AF}.v4.0-Debug|Any CPU.Build.0 = Debug|Any CPU
		{57AB6C5E-C3B8-462B-90BA-A569DDE540AF}.v4.0-Debug|ARM.ActiveCfg = Debug|Any CPU
		{57AB6C5E-C3B8-462B-90BA-A569DDE540AF}.v4.0-Debug|ARM.Build.0 = Debug|Any CPU
		{57AB6C5E-C3B8-462B-90BA-A569DDE540AF}.v4.0-Debug|x64.ActiveCfg = Debug|Any CPU
		{57AB6C5E-C3B8-462B-90BA-A569DDE540AF}.v4.0-Debug|x64.Build.0 = Debug|Any CPU
		{57AB6C5E-C3B8-462B-90BA-A569DDE540AF}.v4.0-Debug|x86.ActiveCfg = Debug|Any CPU
		{57AB6C5E-C3B8-462B-90BA-A569DDE540AF}.v4.0-Debug|x86.Build.0 = Debug|Any CPU
		{57AB6C5E-C3B8-462B-90BA-A569DDE540AF}.v4.0-Release|Any CPU.ActiveCfg = Release|Any CPU
		{57AB6C5E-C3B8-462B-90BA-A569DDE540AF}.v4.0-Release|Any CPU.Build.0 = Release|Any CPU
		{57AB6C5E-C3B8-462B-90BA-A569DDE540AF}.v4.0-Release|ARM.ActiveCfg = Release|Any CPU
		{57AB6C5E-C3B8-462B-90BA-A569DDE540AF}.v4.0-Release|ARM.Build.0 = Release|Any CPU
		{57AB6C5E-C3B8-462B-90BA-A569DDE540AF}.v4.0-Release|x64.ActiveCfg = Release|Any CPU
		{57AB6C5E-C3B8-462B-90BA-A569DDE540AF}.v4.0-Release|x64.Build.0 = Release|Any CPU
		{57AB6C5E-C3B8-462B-90BA-A569DDE540AF}.v4.0-Release|x86.ActiveCfg = Release|Any CPU
		{57AB6C5E-C3B8-462B-90BA-A569DDE540AF}.v4.0-Release|x86.Build.0 = Release|Any CPU
		{3EAFC9F5-D49F-4F9F-86C8-FBD231B07D2E}.Debug|Any CPU.ActiveCfg = Debug|Any CPU
		{3EAFC9F5-D49F-4F9F-86C8-FBD231B07D2E}.Debug|Any CPU.Build.0 = Debug|Any CPU
		{3EAFC9F5-D49F-4F9F-86C8-FBD231B07D2E}.Debug|ARM.ActiveCfg = Debug|Any CPU
		{3EAFC9F5-D49F-4F9F-86C8-FBD231B07D2E}.Debug|ARM.Build.0 = Debug|Any CPU
		{3EAFC9F5-D49F-4F9F-86C8-FBD231B07D2E}.Debug|x64.ActiveCfg = Debug|Any CPU
		{3EAFC9F5-D49F-4F9F-86C8-FBD231B07D2E}.Debug|x64.Build.0 = Debug|Any CPU
		{3EAFC9F5-D49F-4F9F-86C8-FBD231B07D2E}.Debug|x86.ActiveCfg = Debug|Any CPU
		{3EAFC9F5-D49F-4F9F-86C8-FBD231B07D2E}.Debug|x86.Build.0 = Debug|Any CPU
		{3EAFC9F5-D49F-4F9F-86C8-FBD231B07D2E}.Release|Any CPU.ActiveCfg = Release|Any CPU
		{3EAFC9F5-D49F-4F9F-86C8-FBD231B07D2E}.Release|Any CPU.Build.0 = Release|Any CPU
		{3EAFC9F5-D49F-4F9F-86C8-FBD231B07D2E}.Release|ARM.ActiveCfg = Release|Any CPU
		{3EAFC9F5-D49F-4F9F-86C8-FBD231B07D2E}.Release|ARM.Build.0 = Release|Any CPU
		{3EAFC9F5-D49F-4F9F-86C8-FBD231B07D2E}.Release|x64.ActiveCfg = Release|Any CPU
		{3EAFC9F5-D49F-4F9F-86C8-FBD231B07D2E}.Release|x64.Build.0 = Release|Any CPU
		{3EAFC9F5-D49F-4F9F-86C8-FBD231B07D2E}.Release|x86.ActiveCfg = Release|Any CPU
		{3EAFC9F5-D49F-4F9F-86C8-FBD231B07D2E}.Release|x86.Build.0 = Release|Any CPU
		{3EAFC9F5-D49F-4F9F-86C8-FBD231B07D2E}.v4.0-Debug|Any CPU.ActiveCfg = Debug|Any CPU
		{3EAFC9F5-D49F-4F9F-86C8-FBD231B07D2E}.v4.0-Debug|Any CPU.Build.0 = Debug|Any CPU
		{3EAFC9F5-D49F-4F9F-86C8-FBD231B07D2E}.v4.0-Debug|ARM.ActiveCfg = Debug|Any CPU
		{3EAFC9F5-D49F-4F9F-86C8-FBD231B07D2E}.v4.0-Debug|ARM.Build.0 = Debug|Any CPU
		{3EAFC9F5-D49F-4F9F-86C8-FBD231B07D2E}.v4.0-Debug|x64.ActiveCfg = Debug|Any CPU
		{3EAFC9F5-D49F-4F9F-86C8-FBD231B07D2E}.v4.0-Debug|x64.Build.0 = Debug|Any CPU
		{3EAFC9F5-D49F-4F9F-86C8-FBD231B07D2E}.v4.0-Debug|x86.ActiveCfg = Debug|Any CPU
		{3EAFC9F5-D49F-4F9F-86C8-FBD231B07D2E}.v4.0-Debug|x86.Build.0 = Debug|Any CPU
		{3EAFC9F5-D49F-4F9F-86C8-FBD231B07D2E}.v4.0-Release|Any CPU.ActiveCfg = Release|Any CPU
		{3EAFC9F5-D49F-4F9F-86C8-FBD231B07D2E}.v4.0-Release|Any CPU.Build.0 = Release|Any CPU
		{3EAFC9F5-D49F-4F9F-86C8-FBD231B07D2E}.v4.0-Release|ARM.ActiveCfg = Release|Any CPU
		{3EAFC9F5-D49F-4F9F-86C8-FBD231B07D2E}.v4.0-Release|ARM.Build.0 = Release|Any CPU
		{3EAFC9F5-D49F-4F9F-86C8-FBD231B07D2E}.v4.0-Release|x64.ActiveCfg = Release|Any CPU
		{3EAFC9F5-D49F-4F9F-86C8-FBD231B07D2E}.v4.0-Release|x64.Build.0 = Release|Any CPU
		{3EAFC9F5-D49F-4F9F-86C8-FBD231B07D2E}.v4.0-Release|x86.ActiveCfg = Release|Any CPU
		{3EAFC9F5-D49F-4F9F-86C8-FBD231B07D2E}.v4.0-Release|x86.Build.0 = Release|Any CPU
		{B63639C2-E29A-40A3-B615-831FFC15469C}.Debug|Any CPU.ActiveCfg = Debug|x86
		{B63639C2-E29A-40A3-B615-831FFC15469C}.Debug|ARM.ActiveCfg = Debug|ARM
		{B63639C2-E29A-40A3-B615-831FFC15469C}.Debug|ARM.Build.0 = Debug|ARM
		{B63639C2-E29A-40A3-B615-831FFC15469C}.Debug|ARM.Deploy.0 = Debug|ARM
		{B63639C2-E29A-40A3-B615-831FFC15469C}.Debug|x64.ActiveCfg = Debug|x64
		{B63639C2-E29A-40A3-B615-831FFC15469C}.Debug|x64.Build.0 = Debug|x64
		{B63639C2-E29A-40A3-B615-831FFC15469C}.Debug|x64.Deploy.0 = Debug|x64
		{B63639C2-E29A-40A3-B615-831FFC15469C}.Debug|x86.ActiveCfg = Debug|x86
		{B63639C2-E29A-40A3-B615-831FFC15469C}.Debug|x86.Build.0 = Debug|x86
		{B63639C2-E29A-40A3-B615-831FFC15469C}.Debug|x86.Deploy.0 = Debug|x86
		{B63639C2-E29A-40A3-B615-831FFC15469C}.Release|Any CPU.ActiveCfg = Release|x86
		{B63639C2-E29A-40A3-B615-831FFC15469C}.Release|ARM.ActiveCfg = Release|ARM
		{B63639C2-E29A-40A3-B615-831FFC15469C}.Release|ARM.Build.0 = Release|ARM
		{B63639C2-E29A-40A3-B615-831FFC15469C}.Release|ARM.Deploy.0 = Release|ARM
		{B63639C2-E29A-40A3-B615-831FFC15469C}.Release|x64.ActiveCfg = Release|x64
		{B63639C2-E29A-40A3-B615-831FFC15469C}.Release|x64.Build.0 = Release|x64
		{B63639C2-E29A-40A3-B615-831FFC15469C}.Release|x64.Deploy.0 = Release|x64
		{B63639C2-E29A-40A3-B615-831FFC15469C}.Release|x86.ActiveCfg = Release|x86
		{B63639C2-E29A-40A3-B615-831FFC15469C}.Release|x86.Build.0 = Release|x86
		{B63639C2-E29A-40A3-B615-831FFC15469C}.Release|x86.Deploy.0 = Release|x86
		{B63639C2-E29A-40A3-B615-831FFC15469C}.v4.0-Debug|Any CPU.ActiveCfg = Release|x64
		{B63639C2-E29A-40A3-B615-831FFC15469C}.v4.0-Debug|Any CPU.Build.0 = Release|x64
		{B63639C2-E29A-40A3-B615-831FFC15469C}.v4.0-Debug|Any CPU.Deploy.0 = Release|x64
		{B63639C2-E29A-40A3-B615-831FFC15469C}.v4.0-Debug|ARM.ActiveCfg = Debug|ARM
		{B63639C2-E29A-40A3-B615-831FFC15469C}.v4.0-Debug|ARM.Build.0 = Debug|ARM
		{B63639C2-E29A-40A3-B615-831FFC15469C}.v4.0-Debug|ARM.Deploy.0 = Debug|ARM
		{B63639C2-E29A-40A3-B615-831FFC15469C}.v4.0-Debug|x64.ActiveCfg = Debug|x64
		{B63639C2-E29A-40A3-B615-831FFC15469C}.v4.0-Debug|x64.Build.0 = Debug|x64
		{B63639C2-E29A-40A3-B615-831FFC15469C}.v4.0-Debug|x64.Deploy.0 = Debug|x64
		{B63639C2-E29A-40A3-B615-831FFC15469C}.v4.0-Debug|x86.ActiveCfg = Debug|x86
		{B63639C2-E29A-40A3-B615-831FFC15469C}.v4.0-Debug|x86.Build.0 = Debug|x86
		{B63639C2-E29A-40A3-B615-831FFC15469C}.v4.0-Debug|x86.Deploy.0 = Debug|x86
		{B63639C2-E29A-40A3-B615-831FFC15469C}.v4.0-Release|Any CPU.ActiveCfg = Release|x64
		{B63639C2-E29A-40A3-B615-831FFC15469C}.v4.0-Release|Any CPU.Build.0 = Release|x64
		{B63639C2-E29A-40A3-B615-831FFC15469C}.v4.0-Release|Any CPU.Deploy.0 = Release|x64
		{B63639C2-E29A-40A3-B615-831FFC15469C}.v4.0-Release|ARM.ActiveCfg = Release|ARM
		{B63639C2-E29A-40A3-B615-831FFC15469C}.v4.0-Release|ARM.Build.0 = Release|ARM
		{B63639C2-E29A-40A3-B615-831FFC15469C}.v4.0-Release|ARM.Deploy.0 = Release|ARM
		{B63639C2-E29A-40A3-B615-831FFC15469C}.v4.0-Release|x64.ActiveCfg = Release|x64
		{B63639C2-E29A-40A3-B615-831FFC15469C}.v4.0-Release|x64.Build.0 = Release|x64
		{B63639C2-E29A-40A3-B615-831FFC15469C}.v4.0-Release|x64.Deploy.0 = Release|x64
		{B63639C2-E29A-40A3-B615-831FFC15469C}.v4.0-Release|x86.ActiveCfg = Release|x86
		{B63639C2-E29A-40A3-B615-831FFC15469C}.v4.0-Release|x86.Build.0 = Release|x86
		{B63639C2-E29A-40A3-B615-831FFC15469C}.v4.0-Release|x86.Deploy.0 = Release|x86
	EndGlobalSection
	GlobalSection(SolutionProperties) = preSolution
		HideSolutionNode = FALSE
	EndGlobalSection
	GlobalSection(ExtensibilityGlobals) = postSolution
		SolutionGuid = {BA3CEE6C-D346-40ED-A0E1-4233053D36E1}
	EndGlobalSection
	GlobalSection(TestCaseManagementSettings) = postSolution
		CategoryFile = NPOI.vsmdi
	EndGlobalSection
EndGlobal
